// !$*UTF8*$!
{
	archiveVersion = 1;
	classes = {
	};
	objectVersion = 48;
	objects = {

/* Begin PBXBuildFile section */
		64D6D24620DBB3600086821F /* AppDelegate.swift in Sources */ = {isa = PBXBuildFile; fileRef = 64D6D24520DBB3600086821F /* AppDelegate.swift */; };
		64D6D24B20DBB3600086821F /* Main.storyboard in Resources */ = {isa = PBXBuildFile; fileRef = 64D6D24920DBB3600086821F /* Main.storyboard */; };
		64D6D24D20DBB3600086821F /* Assets.xcassets in Resources */ = {isa = PBXBuildFile; fileRef = 64D6D24C20DBB3600086821F /* Assets.xcassets */; };
		64D6D25020DBB3600086821F /* LaunchScreen.storyboard in Resources */ = {isa = PBXBuildFile; fileRef = 64D6D24E20DBB3600086821F /* LaunchScreen.storyboard */; };
		64D6D25820DBB3F80086821F /* MyTableViewController.swift in Sources */ = {isa = PBXBuildFile; fileRef = 64D6D25720DBB3F80086821F /* MyTableViewController.swift */; };
		64D6D25A20DBB4110086821F /* MyTableViewCell.swift in Sources */ = {isa = PBXBuildFile; fileRef = 64D6D25920DBB4110086821F /* MyTableViewCell.swift */; };
		64D6D25C20DBB7CA0086821F /* MapViewController.swift in Sources */ = {isa = PBXBuildFile; fileRef = 64D6D25B20DBB7CA0086821F /* MapViewController.swift */; };
		64D6D25F20DBB9650086821F /* MapKit.framework in Frameworks */ = {isa = PBXBuildFile; fileRef = 64D6D25E20DBB9650086821F /* MapKit.framework */; };
		64D6D26120DBBBEE0086821F /* TotalViewController.swift in Sources */ = {isa = PBXBuildFile; fileRef = 64D6D26020DBBBEE0086821F /* TotalViewController.swift */; };
/* End PBXBuildFile section */

/* Begin PBXFileReference section */
		64D6D24220DBB3600086821F /* project21.app */ = {isa = PBXFileReference; explicitFileType = wrapper.application; includeInIndex = 0; path = project21.app; sourceTree = BUILT_PRODUCTS_DIR; };
		64D6D24520DBB3600086821F /* AppDelegate.swift */ = {isa = PBXFileReference; lastKnownFileType = sourcecode.swift; path = AppDelegate.swift; sourceTree = "<group>"; };
		64D6D24A20DBB3600086821F /* Base */ = {isa = PBXFileReference; lastKnownFileType = file.storyboard; name = Base; path = Base.lproj/Main.storyboard; sourceTree = "<group>"; };
		64D6D24C20DBB3600086821F /* Assets.xcassets */ = {isa = PBXFileReference; lastKnownFileType = folder.assetcatalog; path = Assets.xcassets; sourceTree = "<group>"; };
		64D6D24F20DBB3600086821F /* Base */ = {isa = PBXFileReference; lastKnownFileType = file.storyboard; name = Base; path = Base.lproj/LaunchScreen.storyboard; sourceTree = "<group>"; };
		64D6D25120DBB3600086821F /* Info.plist */ = {isa = PBXFileReference; lastKnownFileType = text.plist.xml; path = Info.plist; sourceTree = "<group>"; };
		64D6D25720DBB3F80086821F /* MyTableViewController.swift */ = {isa = PBXFileReference; lastKnownFileType = sourcecode.swift; path = MyTableViewController.swift; sourceTree = "<group>"; };
		64D6D25920DBB4110086821F /* MyTableViewCell.swift */ = {isa = PBXFileReference; lastKnownFileType = sourcecode.swift; path = MyTableViewCell.swift; sourceTree = "<group>"; };
		64D6D25B20DBB7CA0086821F /* MapViewController.swift */ = {isa = PBXFileReference; lastKnownFileType = sourcecode.swift; path = MapViewController.swift; sourceTree = "<group>"; };
		64D6D25E20DBB9650086821F /* MapKit.framework */ = {isa = PBXFileReference; lastKnownFileType = wrapper.framework; name = MapKit.framework; path = System/Library/Frameworks/MapKit.framework; sourceTree = SDKROOT; };
		64D6D26020DBBBEE0086821F /* TotalViewController.swift */ = {isa = PBXFileReference; lastKnownFileType = sourcecode.swift; path = TotalViewController.swift; sourceTree = "<group>"; };
/* End PBXFileReference section */

/* Begin PBXFrameworksBuildPhase section */
		64D6D23F20DBB3600086821F /* Frameworks */ = {
			isa = PBXFrameworksBuildPhase;
			buildActionMask = 2147483647;
			files = (
				64D6D25F20DBB9650086821F /* MapKit.framework in Frameworks */,
			);
			runOnlyForDeploymentPostprocessing = 0;
		};
/* End PBXFrameworksBuildPhase section */

/* Begin PBXGroup section */
		64D6D23920DBB3600086821F = {
			isa = PBXGroup;
			children = (
				64D6D24420DBB3600086821F /* project21 */,
				64D6D24320DBB3600086821F /* Products */,
				64D6D25D20DBB9650086821F /* Frameworks */,
			);
			sourceTree = "<group>";
		};
		64D6D24320DBB3600086821F /* Products */ = {
			isa = PBXGroup;
			children = (
				64D6D24220DBB3600086821F /* project21.app */,
			);
			name = Products;
			sourceTree = "<group>";
		};
		64D6D24420DBB3600086821F /* project21 */ = {
			isa = PBXGroup;
			children = (
				64D6D24520DBB3600086821F /* AppDelegate.swift */,
				64D6D24920DBB3600086821F /* Main.storyboard */,
				64D6D24C20DBB3600086821F /* Assets.xcassets */,
				64D6D24E20DBB3600086821F /* LaunchScreen.storyboard */,
				64D6D25120DBB3600086821F /* Info.plist */,
				64D6D25720DBB3F80086821F /* MyTableViewController.swift */,
				64D6D25920DBB4110086821F /* MyTableViewCell.swift */,
				64D6D25B20DBB7CA0086821F /* MapViewController.swift */,
				64D6D26020DBBBEE0086821F /* TotalViewController.swift */,
			);
			path = project21;
			sourceTree = "<group>";
		};
		64D6D25D20DBB9650086821F /* Frameworks */ = {
			isa = PBXGroup;
			children = (
				64D6D25E20DBB9650086821F /* MapKit.framework */,
			);
			name = Frameworks;
			sourceTree = "<group>";
		};
/* End PBXGroup section */

/* Begin PBXNativeTarget section */
		64D6D24120DBB3600086821F /* project21 */ = {
			isa = PBXNativeTarget;
			buildConfigurationList = 64D6D25420DBB3600086821F /* Build configuration list for PBXNativeTarget "project21" */;
			buildPhases = (
				64D6D23E20DBB3600086821F /* Sources */,
				64D6D23F20DBB3600086821F /* Frameworks */,
				64D6D24020DBB3600086821F /* Resources */,
			);
			buildRules = (
			);
			dependencies = (
			);
			name = project21;
			productName = project21;
			productReference = 64D6D24220DBB3600086821F /* project21.app */;
			productType = "com.apple.product-type.application";
		};
/* End PBXNativeTarget section */

/* Begin PBXProject section */
		64D6D23A20DBB3600086821F /* Project object */ = {
			isa = PBXProject;
			attributes = {
				LastSwiftUpdateCheck = 0920;
				LastUpgradeCheck = 0920;
				ORGANIZATIONNAME = D7703_04;
				TargetAttributes = {
					64D6D24120DBB3600086821F = {
						CreatedOnToolsVersion = 9.2;
						ProvisioningStyle = Automatic;
					};
				};
			};
			buildConfigurationList = 64D6D23D20DBB3600086821F /* Build configuration list for PBXProject "project21" */;
			compatibilityVersion = "Xcode 8.0";
			developmentRegion = en;
			hasScannedForEncodings = 0;
			knownRegions = (
				en,
				Base,
			);
			mainGroup = 64D6D23920DBB3600086821F;
			productRefGroup = 64D6D24320DBB3600086821F /* Products */;
			projectDirPath = "";
			projectRoot = "";
			targets = (
				64D6D24120DBB3600086821F /* project21 */,
			);
		};
/* End PBXProject section */

/* Begin PBXResourcesBuildPhase section */
		64D6D24020DBB3600086821F /* Resources */ = {
			isa = PBXResourcesBuildPhase;
			buildActionMask = 2147483647;
			files = (
				64D6D25020DBB3600086821F /* LaunchScreen.storyboard in Resources */,
				64D6D24D20DBB3600086821F /* Assets.xcassets in Resources */,
				64D6D24B20DBB3600086821F /* Main.storyboard in Resources */,
			);
			runOnlyForDeploymentPostprocessing = 0;
		};
/* End PBXResourcesBuildPhase section */

/* Begin PBXSourcesBuildPhase section */
		64D6D23E20DBB3600086821F /* Sources */ = {
			isa = PBXSourcesBuildPhase;
			buildActionMask = 2147483647;
			files = (
				64D6D24620DBB3600086821F /* AppDelegate.swift in Sources */,
				64D6D25820DBB3F80086821F /* MyTableViewController.swift in Sources */,
				64D6D25A20DBB4110086821F /* MyTableViewCell.swift in Sources */,
				64D6D26120DBBBEE0086821F /* TotalViewController.swift in Sources */,
				64D6D25C20DBB7CA0086821F /* MapViewController.swift in Sources */,
			);
			runOnlyForDeploymentPostprocessing = 0;
		};
/* End PBXSourcesBuildPhase section */

/* Begin PBXVariantGroup section */
		64D6D24920DBB3600086821F /* Main.storyboard */ = {
			isa = PBXVariantGroup;
			children = (
				64D6D24A20DBB3600086821F /* Base */,
			);
			name = Main.storyboard;
			sourceTree = "<group>";
		};
		64D6D24E20DBB3600086821F /* LaunchScreen.storyboard */ = {
			isa = PBXVariantGroup;
			children = (
				64D6D24F20DBB3600086821F /* Base */,
			);
			name = LaunchScreen.storyboard;
			sourceTree = "<group>";
		};
/* End PBXVariantGroup section */

/* Begin XCBuildConfiguration section */
		64D6D25220DBB3600086821F /* Debug */ = {
			isa = XCBuildConfiguration;
			buildSettings = {
				ALWAYS_SEARCH_USER_PATHS = NO;
				CLANG_ANALYZER_NONNULL = YES;
				CLANG_ANALYZER_NUMBER_OBJECT_CONVERSION = YES_AGGRESSIVE;
				CLANG_CXX_LANGUAGE_STANDARD = "gnu++14";
				CLANG_CXX_LIBRARY = "libc++";
				CLANG_ENABLE_MODULES = YES;
				CLANG_ENABLE_OBJC_ARC = YES;
				CLANG_WARN_BLOCK_CAPTURE_AUTORELEASING = YES;
				CLANG_WARN_BOOL_CONVERSION = YES;
				CLANG_WARN_COMMA = YES;
				CLANG_WARN_CONSTANT_CONVERSION = YES;
				CLANG_WARN_DIRECT_OBJC_ISA_USAGE = YES_ERROR;
				CLANG_WARN_DOCUMENTATION_COMMENTS = YES;
				CLANG_WARN_EMPTY_BODY = YES;
				CLANG_WARN_ENUM_CONVERSION = YES;
				CLANG_WARN_INFINITE_RECURSION = YES;
				CLANG_WARN_INT_CONVERSION = YES;
				CLANG_WARN_NON_LITERAL_NULL_CONVERSION = YES;
				CLANG_WARN_OBJC_LITERAL_CONVERSION = YES;
				CLANG_WARN_OBJC_ROOT_CLASS = YES_ERROR;
				CLANG_WARN_RANGE_LOOP_ANALYSIS = YES;
				CLANG_WARN_STRICT_PROTOTYPES = YES;
				CLANG_WARN_SUSPICIOUS_MOVE = YES;
				CLANG_WARN_UNGUARDED_AVAILABILITY = YES_AGGRESSIVE;
				CLANG_WARN_UNREACHABLE_CODE = YES;
				CLANG_WARN__DUPLICATE_METHOD_MATCH = YES;
				CODE_SIGN_IDENTITY = "iPhone Developer";
				COPY_PHASE_STRIP = NO;
				DEBUG_INFORMATION_FORMAT = dwarf;
				ENABLE_STRICT_OBJC_MSGSEND = YES;
				ENABLE_TESTABILITY = YES;
				GCC_C_LANGUAGE_STANDARD = gnu11;
				GCC_DYNAMIC_NO_PIC = NO;
				GCC_NO_COMMON_BLOCKS = YES;
				GCC_OPTIMIZATION_LEVEL = 0;
				GCC_PREPROCESSOR_DEFINITIONS = (
					"DEBUG=1",
					"$(inherited)",
				);
				GCC_WARN_64_TO_32_BIT_CONVERSION = YES;
				GCC_WARN_ABOUT_RETURN_TYPE = YES_ERROR;
				GCC_WARN_UNDECLARED_SELECTOR = YES;
				GCC_WARN_UNINITIALIZED_AUTOS = YES_AGGRESSIVE;
				GCC_WARN_UNUSED_FUNCTION = YES;
				GCC_WARN_UNUSED_VARIABLE = YES;
				IPHONEOS_DEPLOYMENT_TARGET = 11.2;
				MTL_ENABLE_DEBUG_INFO = YES;
				ONLY_ACTIVE_ARCH = YES;
				SDKROOT = iphoneos;
				SWIFT_ACTIVE_COMPILATION_CONDITIONS = DEBUG;
				SWIFT_OPTIMIZATION_LEVEL = "-Onone";
			};
			name = Debug;
		};
		64D6D25320DBB3600086821F /* Release */ = {
			isa = XCBuildConfiguration;
			buildSettings = {
				ALWAYS_SEARCH_USER_PATHS = NO;
				CLANG_ANALYZER_NONNULL = YES;
				CLANG_ANALYZER_NUMBER_OBJECT_CONVERSION = YES_AGGRESSIVE;
				CLANG_CXX_LANGUAGE_STANDARD = "gnu++14";
				CLANG_CXX_LIBRARY = "libc++";
				CLANG_ENABLE_MODULES = YES;
				CLANG_ENABLE_OBJC_ARC = YES;
				CLANG_WARN_BLOCK_CAPTURE_AUTORELEASING = YES;
				CLANG_WARN_BOOL_CONVERSION = YES;
				CLANG_WARN_COMMA = YES;
				CLANG_WARN_CONSTANT_CONVERSION = YES;
				CLANG_WARN_DIRECT_OBJC_ISA_USAGE = YES_ERROR;
				CLANG_WARN_DOCUMENTATION_COMMENTS = YES;
				CLANG_WARN_EMPTY_BODY = YES;
				CLANG_WARN_ENUM_CONVERSION = YES;
				CLANG_WARN_INFINITE_RECURSION = YES;
				CLANG_WARN_INT_CONVERSION = YES;
				CLANG_WARN_NON_LITERAL_NULL_CONVERSION = YES;
				CLANG_WARN_OBJC_LITERAL_CONVERSION = YES;
				CLANG_WARN_OBJC_ROOT_CLASS = YES_ERROR;
				CLANG_WARN_RANGE_LOOP_ANALYSIS = YES;
				CLANG_WARN_STRICT_PROTOTYPES = YES;
				CLANG_WARN_SUSPICIOUS_MOVE = YES;
				CLANG_WARN_UNGUARDED_AVAILABILITY = YES_AGGRESSIVE;
				CLANG_WARN_UNREACHABLE_CODE = YES;
				CLANG_WARN__DUPLICATE_METHOD_MATCH = YES;
				CODE_SIGN_IDENTITY = "iPhone Developer";
				COPY_PHASE_STRIP = NO;
				DEBUG_INFORMATION_FORMAT = "dwarf-with-dsym";
				ENABLE_NS_ASSERTIONS = NO;
				ENABLE_STRICT_OBJC_MSGSEND = YES;
				GCC_C_LANGUAGE_STANDARD = gnu11;
				GCC_NO_COMMON_BLOCKS = YES;
				GCC_WARN_64_TO_32_BIT_CONVERSION = YES;
				GCC_WARN_ABOUT_RETURN_TYPE = YES_ERROR;
				GCC_WARN_UNDECLARED_SELECTOR = YES;
				GCC_WARN_UNINITIALIZED_AUTOS = YES_AGGRESSIVE;
				GCC_WARN_UNUSED_FUNCTION = YES;
				GCC_WARN_UNUSED_VARIABLE = YES;
				IPHONEOS_DEPLOYMENT_TARGET = 11.2;
				MTL_ENABLE_DEBUG_INFO = NO;
				SDKROOT = iphoneos;
				SWIFT_OPTIMIZATION_LEVEL = "-Owholemodule";
				VALIDATE_PRODUCT = YES;
			};
			name = Release;
		};
		64D6D25520DBB3600086821F /* Debug */ = {
			isa = XCBuildConfiguration;
			buildSettings = {
				ASSETCATALOG_COMPILER_APPICON_NAME = AppIcon;
				CODE_SIGN_STYLE = Automatic;
				INFOPLIST_FILE = project21/Info.plist;
				LD_RUNPATH_SEARCH_PATHS = "$(inherited) @executable_path/Frameworks";
				PRODUCT_BUNDLE_IDENTIFIER = kr.ac.ditapps.project21;
				PRODUCT_NAME = "$(TARGET_NAME)";
				SWIFT_VERSION = 4.0;
				TARGETED_DEVICE_FAMILY = "1,2";
			};
			name = Debug;
		};
		64D6D25620DBB3600086821F /* Release */ = {
			isa = XCBuildConfiguration;
			buildSettings = {
				ASSETCATALOG_COMPILER_APPICON_NAME = AppIcon;
				CODE_SIGN_STYLE = Automatic;
				INFOPLIST_FILE = project21/Info.plist;
				LD_RUNPATH_SEARCH_PATHS = "$(inherited) @executable_path/Frameworks";
				PRODUCT_BUNDLE_IDENTIFIER = kr.ac.ditapps.project21;
				PRODUCT_NAME = "$(TARGET_NAME)";
				SWIFT_VERSION = 4.0;
				TARGETED_DEVICE_FAMILY = "1,2";
			};
			name = Release;
		};
/* End XCBuildConfiguration section */

/* Begin XCConfigurationList section */
		64D6D23D20DBB3600086821F /* Build configuration list for PBXProject "project21" */ = {
			isa = XCConfigurationList;
			buildConfigurations = (
				64D6D25220DBB3600086821F /* Debug */,
				64D6D25320DBB3600086821F /* Release */,
			);
			defaultConfigurationIsVisible = 0;
			defaultConfigurationName = Release;
		};
		64D6D25420DBB3600086821F /* Build configuration list for PBXNativeTarget "project21" */ = {
			isa = XCConfigurationList;
			buildConfigurations = (
				64D6D25520DBB3600086821F /* Debug */,
				64D6D25620DBB3600086821F /* Release */,
			);
			defaultConfigurationIsVisible = 0;
			defaultConfigurationName = Release;
		};
/* End XCConfigurationList section */
	};
	rootObject = 64D6D23A20DBB3600086821F /* Project object */;
}
